// !$*UTF8*$!
{
	archiveVersion = 1;
	classes = {
	};
	objectVersion = 46;
	objects = {

/* Begin PBXBuildFile section */
		CBE939D01F68914A00D45893 /* AppDelegate.swift in Sources */ = {isa = PBXBuildFile; fileRef = CBE939CF1F68914A00D45893 /* AppDelegate.swift */; };
		CBE939D21F68914A00D45893 /* ViewController.swift in Sources */ = {isa = PBXBuildFile; fileRef = CBE939D11F68914A00D45893 /* ViewController.swift */; };
		CBE939D51F68914B00D45893 /* Main.storyboard in Resources */ = {isa = PBXBuildFile; fileRef = CBE939D31F68914B00D45893 /* Main.storyboard */; };
		CBE939D71F68914B00D45893 /* Assets.xcassets in Resources */ = {isa = PBXBuildFile; fileRef = CBE939D61F68914B00D45893 /* Assets.xcassets */; };
		CBE939DA1F68914B00D45893 /* LaunchScreen.storyboard in Resources */ = {isa = PBXBuildFile; fileRef = CBE939D81F68914B00D45893 /* LaunchScreen.storyboard */; };
/* End PBXBuildFile section */

/* Begin PBXFileReference section */
		CBE939CC1F68914A00D45893 /* sw3_wb.app */ = {isa = PBXFileReference; explicitFileType = wrapper.application; includeInIndex = 0; path = sw3_wb.app; sourceTree = BUILT_PRODUCTS_DIR; };
		CBE939CF1F68914A00D45893 /* AppDelegate.swift */ = {isa = PBXFileReference; lastKnownFileType = sourcecode.swift; path = AppDelegate.swift; sourceTree = "<group>"; };
		CBE939D11F68914A00D45893 /* ViewController.swift */ = {isa = PBXFileReference; lastKnownFileType = sourcecode.swift; path = ViewController.swift; sourceTree = "<group>"; };
		CBE939D41F68914B00D45893 /* Base */ = {isa = PBXFileReference; lastKnownFileType = file.storyboard; name = Base; path = Base.lproj/Main.storyboard; sourceTree = "<group>"; };
		CBE939D61F68914B00D45893 /* Assets.xcassets */ = {isa = PBXFileReference; lastKnownFileType = folder.assetcatalog; path = Assets.xcassets; sourceTree = "<group>"; };
		CBE939D91F68914B00D45893 /* Base */ = {isa = PBXFileReference; lastKnownFileType = file.storyboard; name = Base; path = Base.lproj/LaunchScreen.storyboard; sourceTree = "<group>"; };
		CBE939DB1F68914B00D45893 /* Info.plist */ = {isa = PBXFileReference; lastKnownFileType = text.plist.xml; path = Info.plist; sourceTree = "<group>"; };
/* End PBXFileReference section */

/* Begin PBXFrameworksBuildPhase section */
		CBE939C91F68914A00D45893 /* Frameworks */ = {
			isa = PBXFrameworksBuildPhase;
			buildActionMask = 2147483647;
			files = (
			);
			runOnlyForDeploymentPostprocessing = 0;
		};
/* End PBXFrameworksBuildPhase section */

/* Begin PBXGroup section */
		CBE939C31F68914A00D45893 = {
			isa = PBXGroup;
			children = (
				CBE939CE1F68914A00D45893 /* sw3_wb */,
				CBE939CD1F68914A00D45893 /* Products */,
			);
			sourceTree = "<group>";
		};
		CBE939CD1F68914A00D45893 /* Products */ = {
			isa = PBXGroup;
			children = (
				CBE939CC1F68914A00D45893 /* sw3_wb.app */,
			);
			name = Products;
			sourceTree = "<group>";
		};
		CBE939CE1F68914A00D45893 /* sw3_wb */ = {
			isa = PBXGroup;
			children = (
				CBE939CF1F68914A00D45893 /* AppDelegate.swift */,
				CBE939D11F68914A00D45893 /* ViewController.swift */,
				CBE939D31F68914B00D45893 /* Main.storyboard */,
				CBE939D61F68914B00D45893 /* Assets.xcassets */,
				CBE939D81F68914B00D45893 /* LaunchScreen.storyboard */,
				CBE939DB1F68914B00D45893 /* Info.plist */,
			);
			path = sw3_wb;
			sourceTree = "<group>";
		};
/* End PBXGroup section */

/* Begin PBXNativeTarget section */
		CBE939CB1F68914A00D45893 /* sw3_wb */ = {
			isa = PBXNativeTarget;
			buildConfigurationList = CBE939DE1F68914B00D45893 /* Build configuration list for PBXNativeTarget "sw3_wb" */;
			buildPhases = (
				CBE939C81F68914A00D45893 /* Sources */,
				CBE939C91F68914A00D45893 /* Frameworks */,
				CBE939CA1F68914A00D45893 /* Resources */,
			);
			buildRules = (
			);
			dependencies = (
			);
			name = sw3_wb;
			productName = sw3_wb;
			productReference = CBE939CC1F68914A00D45893 /* sw3_wb.app */;
			productType = "com.apple.product-type.application";
		};
/* End PBXNativeTarget section */

/* Begin PBXProject section */
		CBE939C41F68914A00D45893 /* Project object */ = {
			isa = PBXProject;
			attributes = {
				LastSwiftUpdateCheck = 0810;
				LastUpgradeCheck = 0810;
				ORGANIZATIONNAME = "浩哲 夏";
				TargetAttributes = {
					CBE939CB1F68914A00D45893 = {
						CreatedOnToolsVersion = 8.1;
						DevelopmentTeam = Q9FQ8LK3ZQ;
						ProvisioningStyle = Automatic;
					};
				};
			};
			buildConfigurationList = CBE939C71F68914A00D45893 /* Build configuration list for PBXProject "sw3_wb" */;
			compatibilityVersion = "Xcode 3.2";
			developmentRegion = English;
			hasScannedForEncodings = 0;
			knownRegions = (
				en,
				Base,
			);
			mainGroup = CBE939C31F68914A00D45893;
			productRefGroup = CBE939CD1F68914A00D45893 /* Products */;
			projectDirPath = "";
			projectRoot = "";
			targets = (
				CBE939CB1F68914A00D45893 /* sw3_wb */,
			);
		};
/* End PBXProject section */

/* Begin PBXResourcesBuildPhase section */
		CBE939CA1F68914A00D45893 /* Resources */ = {
			isa = PBXResourcesBuildPhase;
			buildActionMask = 2147483647;
			files = (
				CBE939DA1F68914B00D45893 /* LaunchScreen.storyboard in Resources */,
				CBE939D71F68914B00D45893 /* Assets.xcassets in Resources */,
				CBE939D51F68914B00D45893 /* Main.storyboard in Resources */,
			);
			runOnlyForDeploymentPostprocessing = 0;
		};
/* End PBXResourcesBuildPhase section */

/* Begin PBXSourcesBuildPhase section */
		CBE939C81F68914A00D45893 /* Sources */ = {
			isa = PBXSourcesBuildPhase;
			buildActionMask = 2147483647;
			files = (
				CBE939D21F68914A00D45893 /* ViewController.swift in Sources */,
				CBE939D01F68914A00D45893 /* AppDelegate.swift in Sources */,
			);
			runOnlyForDeploymentPostprocessing = 0;
		};
/* End PBXSourcesBuildPhase section */

/* Begin PBXVariantGroup section */
		CBE939D31F68914B00D45893 /* Main.storyboard */ = {
			isa = PBXVariantGroup;
			children = (
				CBE939D41F68914B00D45893 /* Base */,
			);
			name = Main.storyboard;
			sourceTree = "<group>";
		};
		CBE939D81F68914B00D45893 /* LaunchScreen.storyboard */ = {
			isa = PBXVariantGroup;
			children = (
				CBE939D91F68914B00D45893 /* Base */,
			);
			name = LaunchScreen.storyboard;
			sourceTree = "<group>";
		};
/* End PBXVariantGroup section */

/* Begin XCBuildConfiguration section */
		CBE939DC1F68914B00D45893 /* Debug */ = {
			isa = XCBuildConfiguration;
			buildSettings = {
				ALWAYS_SEARCH_USER_PATHS = NO;
				CLANG_ANALYZER_NONNULL = YES;
				CLANG_CXX_LANGUAGE_STANDARD = "gnu++0x";
				CLANG_CXX_LIBRARY = "libc++";
				CLANG_ENABLE_MODULES = YES;
				CLANG_ENABLE_OBJC_ARC = YES;
				CLANG_WARN_BOOL_CONVERSION = YES;
				CLANG_WARN_CONSTANT_CONVERSION = YES;
				CLANG_WARN_DIRECT_OBJC_ISA_USAGE = YES_ERROR;
				CLANG_WARN_DOCUMENTATION_COMMENTS = YES;
				CLANG_WARN_EMPTY_BODY = YES;
				CLANG_WARN_ENUM_CONVERSION = YES;
				CLANG_WARN_INFINITE_RECURSION = YES;
				CLANG_WARN_INT_CONVERSION = YES;
				CLANG_WARN_OBJC_ROOT_CLASS = YES_ERROR;
				CLANG_WARN_SUSPICIOUS_MOVES = YES;
				CLANG_WARN_UNREACHABLE_CODE = YES;
				CLANG_WARN__DUPLICATE_METHOD_MATCH = YES;
				"CODE_SIGN_IDENTITY[sdk=iphoneos*]" = "iPhone Developer";
				COPY_PHASE_STRIP = NO;
				DEBUG_INFORMATION_FORMAT = dwarf;
				ENABLE_STRICT_OBJC_MSGSEND = YES;
				ENABLE_TESTABILITY = YES;
				GCC_C_LANGUAGE_STANDARD = gnu99;
				GCC_DYNAMIC_NO_PIC = NO;
				GCC_NO_COMMON_BLOCKS = YES;
				GCC_OPTIMIZATION_LEVEL = 0;
				GCC_PREPROCESSOR_DEFINITIONS = (
					"DEBUG=1",
					"$(inherited)",
				);
				GCC_WARN_64_TO_32_BIT_CONVERSION = YES;
				GCC_WARN_ABOUT_RETURN_TYPE = YES_ERROR;
				GCC_WARN_UNDECLARED_SELECTOR = YES;
				GCC_WARN_UNINITIALIZED_AUTOS = YES_AGGRESSIVE;
				GCC_WARN_UNUSED_FUNCTION = YES;
				GCC_WARN_UNUSED_VARIABLE = YES;
				IPHONEOS_DEPLOYMENT_TARGET = 10.1;
				MTL_ENABLE_DEBUG_INFO = YES;
				ONLY_ACTIVE_ARCH = YES;
				SDKROOT = iphoneos;
				SWIFT_ACTIVE_COMPILATION_CONDITIONS = DEBUG;
				SWIFT_OPTIMIZATION_LEVEL = "-Onone";
				TARGETED_DEVICE_FAMILY = "1,2";
			};
			name = Debug;
		};
		CBE939DD1F68914B00D45893 /* Release */ = {
			isa = XCBuildConfiguration;
			buildSettings = {
				ALWAYS_SEARCH_USER_PATHS = NO;
				CLANG_ANALYZER_NONNULL = YES;
				CLANG_CXX_LANGUAGE_STANDARD = "gnu++0x";
				CLANG_CXX_LIBRARY = "libc++";
				CLANG_ENABLE_MODULES = YES;
				CLANG_ENABLE_OBJC_ARC = YES;
				CLANG_WARN_BOOL_CONVERSION = YES;
				CLANG_WARN_CONSTANT_CONVERSION = YES;
				CLANG_WARN_DIRECT_OBJC_ISA_USAGE = YES_ERROR;
				CLANG_WARN_DOCUMENTATION_COMMENTS = YES;
				CLANG_WARN_EMPTY_BODY = YES;
				CLANG_WARN_ENUM_CONVERSION = YES;
				CLANG_WARN_INFINITE_RECURSION = YES;
				CLANG_WARN_INT_CONVERSION = YES;
				CLANG_WARN_OBJC_ROOT_CLASS = YES_ERROR;
				CLANG_WARN_SUSPICIOUS_MOVES = YES;
				CLANG_WARN_UNREACHABLE_CODE = YES;
				CLANG_WARN__DUPLICATE_METHOD_MATCH = YES;
				"CODE_SIGN_IDENTITY[sdk=iphoneos*]" = "iPhone Developer";
				COPY_PHASE_STRIP = NO;
				DEBUG_INFORMATION_FORMAT = "dwarf-with-dsym";
				ENABLE_NS_ASSERTIONS = NO;
				ENABLE_STRICT_OBJC_MSGSEND = YES;
				GCC_C_LANGUAGE_STANDARD = gnu99;
				GCC_NO_COMMON_BLOCKS = YES;
				GCC_WARN_64_TO_32_BIT_CONVERSION = YES;
				GCC_WARN_ABOUT_RETURN_TYPE = YES_ERROR;
				GCC_WARN_UNDECLARED_SELECTOR = YES;
				GCC_WARN_UNINITIALIZED_AUTOS = YES_AGGRESSIVE;
				GCC_WARN_UNUSED_FUNCTION = YES;
				GCC_WARN_UNUSED_VARIABLE = YES;
				IPHONEOS_DEPLOYMENT_TARGET = 10.1;
				MTL_ENABLE_DEBUG_INFO = NO;
				SDKROOT = iphoneos;
				SWIFT_OPTIMIZATION_LEVEL = "-Owholemodule";
				TARGETED_DEVICE_FAMILY = "1,2";
				VALIDATE_PRODUCT = YES;
			};
			name = Release;
		};
		CBE939DF1F68914B00D45893 /* Debug */ = {
			isa = XCBuildConfiguration;
			buildSettings = {
				ASSETCATALOG_COMPILER_APPICON_NAME = AppIcon;
				DEVELOPMENT_TEAM = Q9FQ8LK3ZQ;
				INFOPLIST_FILE = sw3_wb/Info.plist;
				LD_RUNPATH_SEARCH_PATHS = "$(inherited) @executable_path/Frameworks";
				PRODUCT_BUNDLE_IDENTIFIER = "IOS.sw3-wb";
				PRODUCT_NAME = "$(TARGET_NAME)";
				SWIFT_VERSION = 3.0;
			};
			name = Debug;
		};
		CBE939E01F68914B00D45893 /* Release */ = {
			isa = XCBuildConfiguration;
			buildSettings = {
				ASSETCATALOG_COMPILER_APPICON_NAME = AppIcon;
				DEVELOPMENT_TEAM = Q9FQ8LK3ZQ;
				INFOPLIST_FILE = sw3_wb/Info.plist;
				LD_RUNPATH_SEARCH_PATHS = "$(inherited) @executable_path/Frameworks";
				PRODUCT_BUNDLE_IDENTIFIER = "IOS.sw3-wb";
				PRODUCT_NAME = "$(TARGET_NAME)";
				SWIFT_VERSION = 3.0;
			};
			name = Release;
		};
/* End XCBuildConfiguration section */

/* Begin XCConfigurationList section */
		CBE939C71F68914A00D45893 /* Build configuration list for PBXProject "sw3_wb" */ = {
			isa = XCConfigurationList;
			buildConfigurations = (
				CBE939DC1F68914B00D45893 /* Debug */,
				CBE939DD1F68914B00D45893 /* Release */,
			);
			defaultConfigurationIsVisible = 0;
			defaultConfigurationName = Release;
		};
		CBE939DE1F68914B00D45893 /* Build configuration list for PBXNativeTarget "sw3_wb" */ = {
			isa = XCConfigurationList;
			buildConfigurations = (
				CBE939DF1F68914B00D45893 /* Debug */,
				CBE939E01F68914B00D45893 /* Release */,
			);
			defaultConfigurationIsVisible = 0;
		};
/* End XCConfigurationList section */
	};
	rootObject = CBE939C41F68914A00D45893 /* Project object */;
}
